
Microsoft Visual Studio Solution File, Format Version 12.00
# Visual Studio 2013
VisualStudioVersion = 12.0.31101.0
MinimumVisualStudioVersion = 10.0.40219.1
Project("{2150E333-8FDC-42A3-9474-1A3956D46DE8}") = "Libs", "Libs", "{77E565B4-E5CF-4EC8-8E19-EE2BFBAD5E2D}"
	ProjectSection(SolutionItems) = preProject
		Libs\Npgsql.dll = Libs\Npgsql.dll
	EndProjectSection
EndProject
Project("{FAE04EC0-301F-11D3-BF4B-00C04F79EFBC}") = "PostgreSQLConnect", "PostgreSQLConnect\PostgreSQLConnect.csproj", "{A02FF899-569C-48EA-9A5C-7A2AE7487677}"
EndProject
Project("{FAE04EC0-301F-11D3-BF4B-00C04F79EFBC}") = "OdooTool", "OdooTool\OdooTool.csproj", "{E55E7FA8-1305-457B-A35C-5C2DA1C45215}"
EndProject
Project("{2150E333-8FDC-42A3-9474-1A3956D46DE8}") = "lib", "lib", "{2CB863AB-2F35-4FCD-8ACB-2E048BA198AC}"
EndProject
Project("{2150E333-8FDC-42A3-9474-1A3956D46DE8}") = "RCWF", "RCWF", "{05DD7F44-6EB8-4B92-8A59-D4E103EBA6FB}"
EndProject
Project("{2150E333-8FDC-42A3-9474-1A3956D46DE8}") = "2014.3.1202.40", "2014.3.1202.40", "{925720EA-F53D-49DA-BE41-3F9CC185E6C1}"
	ProjectSection(SolutionItems) = preProject
		lib\RCWF\2014.3.1202.40\Telerik.WinControls.dll = lib\RCWF\2014.3.1202.40\Telerik.WinControls.dll
		lib\RCWF\2014.3.1202.40\Telerik.WinControls.GridView.dll = lib\RCWF\2014.3.1202.40\Telerik.WinControls.GridView.dll
		lib\RCWF\2014.3.1202.40\Telerik.WinControls.Themes.VisualStudio2012Light.dll = lib\RCWF\2014.3.1202.40\Telerik.WinControls.Themes.VisualStudio2012Light.dll
		lib\RCWF\2014.3.1202.40\Telerik.WinControls.UI.Design.dll = lib\RCWF\2014.3.1202.40\Telerik.WinControls.UI.Design.dll
		lib\RCWF\2014.3.1202.40\Telerik.WinControls.UI.dll = lib\RCWF\2014.3.1202.40\Telerik.WinControls.UI.dll
		lib\RCWF\2014.3.1202.40\TelerikCommon.dll = lib\RCWF\2014.3.1202.40\TelerikCommon.dll
		lib\RCWF\2014.3.1202.40\TelerikData.dll = lib\RCWF\2014.3.1202.40\TelerikData.dll
	EndProjectSection
EndProject
Global
	GlobalSection(SolutionConfigurationPlatforms) = preSolution
		Debug|Any CPU = Debug|Any CPU
		Release|Any CPU = Release|Any CPU
	EndGlobalSection
	GlobalSection(ProjectConfigurationPlatforms) = postSolution
		{A02FF899-569C-48EA-9A5C-7A2AE7487677}.Debug|Any CPU.ActiveCfg = Debug|Any CPU
		{A02FF899-569C-48EA-9A5C-7A2AE7487677}.Debug|Any CPU.Build.0 = Debug|Any CPU
		{A02FF899-569C-48EA-9A5C-7A2AE7487677}.Release|Any CPU.ActiveCfg = Release|Any CPU
		{A02FF899-569C-48EA-9A5C-7A2AE7487677}.Release|Any CPU.Build.0 = Release|Any CPU
		{E55E7FA8-1305-457B-A35C-5C2DA1C45215}.Debug|Any CPU.ActiveCfg = Debug|Any CPU
		{E55E7FA8-1305-457B-A35C-5C2DA1C45215}.Debug|Any CPU.Build.0 = Debug|Any CPU
		{E55E7FA8-1305-457B-A35C-5C2DA1C45215}.Release|Any CPU.ActiveCfg = Release|Any CPU
		{E55E7FA8-1305-457B-A35C-5C2DA1C45215}.Release|Any CPU.Build.0 = Release|Any CPU
	EndGlobalSection
	GlobalSection(SolutionProperties) = preSolution
		HideSolutionNode = FALSE
	EndGlobalSection
	GlobalSection(NestedProjects) = preSolution
		{05DD7F44-6EB8-4B92-8A59-D4E103EBA6FB} = {2CB863AB-2F35-4FCD-8ACB-2E048BA198AC}
		{925720EA-F53D-49DA-BE41-3F9CC185E6C1} = {05DD7F44-6EB8-4B92-8A59-D4E103EBA6FB}
	EndGlobalSection
EndGlobal
